// !$*UTF8*$!
{
	archiveVersion = 1;
	classes = {
	};
	objectVersion = 50;
	objects = {

/* Begin PBXBuildFile section */
		59045BB126FEA31600E9C282 /* StaticTexts.swift in Sources */ = {isa = PBXBuildFile; fileRef = 59045BB026FEA31600E9C282 /* StaticTexts.swift */; };
		59045BB626FEA7B000E9C282 /* Localizable.strings in Resources */ = {isa = PBXBuildFile; fileRef = 59045BB826FEA7B000E9C282 /* Localizable.strings */; };
		59112EAF26F95B86003B0A41 /* AppDelegate.swift in Sources */ = {isa = PBXBuildFile; fileRef = 59112EAE26F95B86003B0A41 /* AppDelegate.swift */; };
		59112EB126F95B86003B0A41 /* HomeViewController.swift in Sources */ = {isa = PBXBuildFile; fileRef = 59112EB026F95B86003B0A41 /* HomeViewController.swift */; };
		59112EB426F95B86003B0A41 /* Main.storyboard in Resources */ = {isa = PBXBuildFile; fileRef = 59112EB226F95B86003B0A41 /* Main.storyboard */; };
		59112EB626F95B88003B0A41 /* Assets.xcassets in Resources */ = {isa = PBXBuildFile; fileRef = 59112EB526F95B88003B0A41 /* Assets.xcassets */; };
		59112EB926F95B88003B0A41 /* LaunchScreen.storyboard in Resources */ = {isa = PBXBuildFile; fileRef = 59112EB726F95B88003B0A41 /* LaunchScreen.storyboard */; };
		59112EC726F95EA5003B0A41 /* PhotosGridViewController.swift in Sources */ = {isa = PBXBuildFile; fileRef = 59112EC626F95EA5003B0A41 /* PhotosGridViewController.swift */; };
		59112ECA26F95EBD003B0A41 /* SearchViewController.swift in Sources */ = {isa = PBXBuildFile; fileRef = 59112EC926F95EBD003B0A41 /* SearchViewController.swift */; };
		59112ECE26F95F58003B0A41 /* PhotosGrid.storyboard in Resources */ = {isa = PBXBuildFile; fileRef = 59112ECD26F95F58003B0A41 /* PhotosGrid.storyboard */; };
		59112ED126F95FE8003B0A41 /* UIViewController+Extensions.swift in Sources */ = {isa = PBXBuildFile; fileRef = 59112ED026F95FE8003B0A41 /* UIViewController+Extensions.swift */; };
		59112ED426F96031003B0A41 /* String+Extensions.swift in Sources */ = {isa = PBXBuildFile; fileRef = 59112ED326F96031003B0A41 /* String+Extensions.swift */; };
		59112ED726F963A2003B0A41 /* ImageCollectionViewCell.swift in Sources */ = {isa = PBXBuildFile; fileRef = 59112ED626F963A2003B0A41 /* ImageCollectionViewCell.swift */; };
		59112EDA26F966B2003B0A41 /* UIView+Extensions.swift in Sources */ = {isa = PBXBuildFile; fileRef = 59112ED926F966B2003B0A41 /* UIView+Extensions.swift */; };
		59112EE326FA2E7E003B0A41 /* NetworkSession.swift in Sources */ = {isa = PBXBuildFile; fileRef = 59112EE226FA2E7E003B0A41 /* NetworkSession.swift */; };
		59112EE726FA3606003B0A41 /* Photo.swift in Sources */ = {isa = PBXBuildFile; fileRef = 59112EE626FA3606003B0A41 /* Photo.swift */; };
		59112EEA26FA3993003B0A41 /* Request.swift in Sources */ = {isa = PBXBuildFile; fileRef = 59112EE926FA3993003B0A41 /* Request.swift */; };
		59112EED26FA4F60003B0A41 /* RecentPhotosViewModel.swift in Sources */ = {isa = PBXBuildFile; fileRef = 59112EEC26FA4F60003B0A41 /* RecentPhotosViewModel.swift */; };
		59112EF626FA9F85003B0A41 /* ImageLoadingCollectionViewCell.swift in Sources */ = {isa = PBXBuildFile; fileRef = 59112EF526FA9F85003B0A41 /* ImageLoadingCollectionViewCell.swift */; };
		59112EF926FAAE92003B0A41 /* Pagination.swift in Sources */ = {isa = PBXBuildFile; fileRef = 59112EF826FAAE92003B0A41 /* Pagination.swift */; };
		59112EFD26FAAEBE003B0A41 /* InterestingPhotosRequest.swift in Sources */ = {isa = PBXBuildFile; fileRef = 59112EFC26FAAEBE003B0A41 /* InterestingPhotosRequest.swift */; };
		59112F0026FAAF25003B0A41 /* ImageRequest.swift in Sources */ = {isa = PBXBuildFile; fileRef = 59112EFF26FAAF25003B0A41 /* ImageRequest.swift */; };
		59112F0326FABD76003B0A41 /* ImageLoader.swift in Sources */ = {isa = PBXBuildFile; fileRef = 59112F0226FABD76003B0A41 /* ImageLoader.swift */; };
		59112F0626FACB02003B0A41 /* ImagesListHeaderView.swift in Sources */ = {isa = PBXBuildFile; fileRef = 59112F0526FACB02003B0A41 /* ImagesListHeaderView.swift */; };
		59112F0926FAD4C2003B0A41 /* UICollectionView+Extensions.swift in Sources */ = {isa = PBXBuildFile; fileRef = 59112F0826FAD4C2003B0A41 /* UICollectionView+Extensions.swift */; };
		59112F0D26FADCE0003B0A41 /* Spacing.swift in Sources */ = {isa = PBXBuildFile; fileRef = 59112F0C26FADCE0003B0A41 /* Spacing.swift */; };
		59112F1126FADDA3003B0A41 /* NSDirectionalEdgeInsets+Extensions.swift in Sources */ = {isa = PBXBuildFile; fileRef = 59112F1026FADDA3003B0A41 /* NSDirectionalEdgeInsets+Extensions.swift */; };
		59112F2826FB8837003B0A41 /* HomeViewModel.swift in Sources */ = {isa = PBXBuildFile; fileRef = 59112F2726FB8837003B0A41 /* HomeViewModel.swift */; };
		59CE560726FD302B00CDB432 /* LoadingStateView.swift in Sources */ = {isa = PBXBuildFile; fileRef = 59CE560626FD302B00CDB432 /* LoadingStateView.swift */; };
		59CE561026FD4C9600CDB432 /* Enviroment.swift in Sources */ = {isa = PBXBuildFile; fileRef = 59CE560F26FD4C9600CDB432 /* Enviroment.swift */; };
		59CE561826FD4EBF00CDB432 /* AmbError.swift in Sources */ = {isa = PBXBuildFile; fileRef = 59CE561726FD4EBF00CDB432 /* AmbError.swift */; };
		59CE561C26FD4F0500CDB432 /* UIImageView+Extensions.swift in Sources */ = {isa = PBXBuildFile; fileRef = 59CE561B26FD4F0500CDB432 /* UIImageView+Extensions.swift */; };
		59CE561F26FD4F6400CDB432 /* URLRequest+Extensions.swift in Sources */ = {isa = PBXBuildFile; fileRef = 59CE561E26FD4F6400CDB432 /* URLRequest+Extensions.swift */; };
		59CE562226FD4F9900CDB432 /* URL+Extensions.swift in Sources */ = {isa = PBXBuildFile; fileRef = 59CE562126FD4F9900CDB432 /* URL+Extensions.swift */; };
		59CE562526FD503D00CDB432 /* FlickrDefaulQueryItems.swift in Sources */ = {isa = PBXBuildFile; fileRef = 59CE562426FD503D00CDB432 /* FlickrDefaulQueryItems.swift */; };
		59CE562A26FD635200CDB432 /* State.swift in Sources */ = {isa = PBXBuildFile; fileRef = 59CE562926FD635200CDB432 /* State.swift */; };
		59DE06A126FBCA900032AC83 /* Search.storyboard in Resources */ = {isa = PBXBuildFile; fileRef = 59DE06A026FBCA900032AC83 /* Search.storyboard */; };
		59DE06A626FBD2670032AC83 /* SearchViewModel.swift in Sources */ = {isa = PBXBuildFile; fileRef = 59DE06A526FBD2670032AC83 /* SearchViewModel.swift */; };
		59DE06AA26FBD2CA0032AC83 /* SearchPhotosRequest.swift in Sources */ = {isa = PBXBuildFile; fileRef = 59DE06A926FBD2CA0032AC83 /* SearchPhotosRequest.swift */; };
		59DE06AD26FBD39A0032AC83 /* PhotosList.swift in Sources */ = {isa = PBXBuildFile; fileRef = 59DE06AC26FBD39A0032AC83 /* PhotosList.swift */; };
		59DE06B126FBDD6D0032AC83 /* PhotosListViewModel.swift in Sources */ = {isa = PBXBuildFile; fileRef = 59DE06B026FBDD6D0032AC83 /* PhotosListViewModel.swift */; };
		59DE06CD26FC03AC0032AC83 /* PhotoDetail.storyboard in Resources */ = {isa = PBXBuildFile; fileRef = 59DE06CC26FC03AC0032AC83 /* PhotoDetail.storyboard */; };
		59DE06D026FC03BD0032AC83 /* PhotoDetailViewController.swift in Sources */ = {isa = PBXBuildFile; fileRef = 59DE06CF26FC03BD0032AC83 /* PhotoDetailViewController.swift */; };
		59DE06D426FC079A0032AC83 /* PhotoDetailViewModel.swift in Sources */ = {isa = PBXBuildFile; fileRef = 59DE06D326FC079A0032AC83 /* PhotoDetailViewModel.swift */; };
/* End PBXBuildFile section */

/* Begin PBXFileReference section */
		59045BB026FEA31600E9C282 /* StaticTexts.swift */ = {isa = PBXFileReference; lastKnownFileType = sourcecode.swift; path = StaticTexts.swift; sourceTree = "<group>"; };
		59045BB326FEA7A100E9C282 /* es-419 */ = {isa = PBXFileReference; lastKnownFileType = text.plist.strings; name = "es-419"; path = "es-419.lproj/Main.strings"; sourceTree = "<group>"; };
		59045BB726FEA7B000E9C282 /* es-419 */ = {isa = PBXFileReference; lastKnownFileType = text.plist.strings; name = "es-419"; path = "es-419.lproj/Localizable.strings"; sourceTree = "<group>"; };
		59045BBA26FEA7B500E9C282 /* en */ = {isa = PBXFileReference; lastKnownFileType = text.plist.strings; name = en; path = en.lproj/Localizable.strings; sourceTree = "<group>"; };
		59112EAB26F95B86003B0A41 /* AmbientImages.app */ = {isa = PBXFileReference; explicitFileType = wrapper.application; includeInIndex = 0; path = AmbientImages.app; sourceTree = BUILT_PRODUCTS_DIR; };
		59112EAE26F95B86003B0A41 /* AppDelegate.swift */ = {isa = PBXFileReference; lastKnownFileType = sourcecode.swift; path = AppDelegate.swift; sourceTree = "<group>"; };
		59112EB026F95B86003B0A41 /* HomeViewController.swift */ = {isa = PBXFileReference; lastKnownFileType = sourcecode.swift; path = HomeViewController.swift; sourceTree = "<group>"; };
		59112EB326F95B86003B0A41 /* Base */ = {isa = PBXFileReference; lastKnownFileType = file.storyboard; name = Base; path = Base.lproj/Main.storyboard; sourceTree = "<group>"; };
		59112EB526F95B88003B0A41 /* Assets.xcassets */ = {isa = PBXFileReference; lastKnownFileType = folder.assetcatalog; path = Assets.xcassets; sourceTree = "<group>"; };
		59112EB826F95B88003B0A41 /* Base */ = {isa = PBXFileReference; lastKnownFileType = file.storyboard; name = Base; path = Base.lproj/LaunchScreen.storyboard; sourceTree = "<group>"; };
		59112EBA26F95B88003B0A41 /* Info.plist */ = {isa = PBXFileReference; lastKnownFileType = text.plist.xml; path = Info.plist; sourceTree = "<group>"; };
		59112EC626F95EA5003B0A41 /* PhotosGridViewController.swift */ = {isa = PBXFileReference; lastKnownFileType = sourcecode.swift; path = PhotosGridViewController.swift; sourceTree = "<group>"; };
		59112EC926F95EBD003B0A41 /* SearchViewController.swift */ = {isa = PBXFileReference; lastKnownFileType = sourcecode.swift; path = SearchViewController.swift; sourceTree = "<group>"; };
		59112ECD26F95F58003B0A41 /* PhotosGrid.storyboard */ = {isa = PBXFileReference; lastKnownFileType = file.storyboard; path = PhotosGrid.storyboard; sourceTree = "<group>"; };
		59112ED026F95FE8003B0A41 /* UIViewController+Extensions.swift */ = {isa = PBXFileReference; lastKnownFileType = sourcecode.swift; path = "UIViewController+Extensions.swift"; sourceTree = "<group>"; };
		59112ED326F96031003B0A41 /* String+Extensions.swift */ = {isa = PBXFileReference; lastKnownFileType = sourcecode.swift; path = "String+Extensions.swift"; sourceTree = "<group>"; };
		59112ED626F963A2003B0A41 /* ImageCollectionViewCell.swift */ = {isa = PBXFileReference; lastKnownFileType = sourcecode.swift; path = ImageCollectionViewCell.swift; sourceTree = "<group>"; };
		59112ED926F966B2003B0A41 /* UIView+Extensions.swift */ = {isa = PBXFileReference; lastKnownFileType = sourcecode.swift; path = "UIView+Extensions.swift"; sourceTree = "<group>"; };
		59112EE226FA2E7E003B0A41 /* NetworkSession.swift */ = {isa = PBXFileReference; lastKnownFileType = sourcecode.swift; path = NetworkSession.swift; sourceTree = "<group>"; };
		59112EE626FA3606003B0A41 /* Photo.swift */ = {isa = PBXFileReference; lastKnownFileType = sourcecode.swift; path = Photo.swift; sourceTree = "<group>"; };
		59112EE926FA3993003B0A41 /* Request.swift */ = {isa = PBXFileReference; lastKnownFileType = sourcecode.swift; path = Request.swift; sourceTree = "<group>"; };
		59112EEC26FA4F60003B0A41 /* RecentPhotosViewModel.swift */ = {isa = PBXFileReference; lastKnownFileType = sourcecode.swift; path = RecentPhotosViewModel.swift; sourceTree = "<group>"; };
		59112EF526FA9F85003B0A41 /* ImageLoadingCollectionViewCell.swift */ = {isa = PBXFileReference; lastKnownFileType = sourcecode.swift; path = ImageLoadingCollectionViewCell.swift; sourceTree = "<group>"; };
		59112EF826FAAE92003B0A41 /* Pagination.swift */ = {isa = PBXFileReference; lastKnownFileType = sourcecode.swift; path = Pagination.swift; sourceTree = "<group>"; };
		59112EFC26FAAEBE003B0A41 /* InterestingPhotosRequest.swift */ = {isa = PBXFileReference; lastKnownFileType = sourcecode.swift; path = InterestingPhotosRequest.swift; sourceTree = "<group>"; };
		59112EFF26FAAF25003B0A41 /* ImageRequest.swift */ = {isa = PBXFileReference; lastKnownFileType = sourcecode.swift; path = ImageRequest.swift; sourceTree = "<group>"; };
		59112F0226FABD76003B0A41 /* ImageLoader.swift */ = {isa = PBXFileReference; lastKnownFileType = sourcecode.swift; path = ImageLoader.swift; sourceTree = "<group>"; };
		59112F0526FACB02003B0A41 /* ImagesListHeaderView.swift */ = {isa = PBXFileReference; lastKnownFileType = sourcecode.swift; path = ImagesListHeaderView.swift; sourceTree = "<group>"; };
		59112F0826FAD4C2003B0A41 /* UICollectionView+Extensions.swift */ = {isa = PBXFileReference; lastKnownFileType = sourcecode.swift; path = "UICollectionView+Extensions.swift"; sourceTree = "<group>"; };
		59112F0C26FADCE0003B0A41 /* Spacing.swift */ = {isa = PBXFileReference; lastKnownFileType = sourcecode.swift; path = Spacing.swift; sourceTree = "<group>"; };
		59112F1026FADDA3003B0A41 /* NSDirectionalEdgeInsets+Extensions.swift */ = {isa = PBXFileReference; lastKnownFileType = sourcecode.swift; path = "NSDirectionalEdgeInsets+Extensions.swift"; sourceTree = "<group>"; };
		59112F2726FB8837003B0A41 /* HomeViewModel.swift */ = {isa = PBXFileReference; lastKnownFileType = sourcecode.swift; path = HomeViewModel.swift; sourceTree = "<group>"; };
		59CE560626FD302B00CDB432 /* LoadingStateView.swift */ = {isa = PBXFileReference; lastKnownFileType = sourcecode.swift; path = LoadingStateView.swift; sourceTree = "<group>"; };
		59CE560F26FD4C9600CDB432 /* Enviroment.swift */ = {isa = PBXFileReference; lastKnownFileType = sourcecode.swift; path = Enviroment.swift; sourceTree = "<group>"; };
		59CE561726FD4EBF00CDB432 /* AmbError.swift */ = {isa = PBXFileReference; lastKnownFileType = sourcecode.swift; path = AmbError.swift; sourceTree = "<group>"; };
		59CE561B26FD4F0500CDB432 /* UIImageView+Extensions.swift */ = {isa = PBXFileReference; lastKnownFileType = sourcecode.swift; path = "UIImageView+Extensions.swift"; sourceTree = "<group>"; };
		59CE561E26FD4F6400CDB432 /* URLRequest+Extensions.swift */ = {isa = PBXFileReference; lastKnownFileType = sourcecode.swift; path = "URLRequest+Extensions.swift"; sourceTree = "<group>"; };
		59CE562126FD4F9900CDB432 /* URL+Extensions.swift */ = {isa = PBXFileReference; lastKnownFileType = sourcecode.swift; path = "URL+Extensions.swift"; sourceTree = "<group>"; };
		59CE562426FD503D00CDB432 /* FlickrDefaulQueryItems.swift */ = {isa = PBXFileReference; lastKnownFileType = sourcecode.swift; path = FlickrDefaulQueryItems.swift; sourceTree = "<group>"; };
		59CE562926FD635200CDB432 /* State.swift */ = {isa = PBXFileReference; lastKnownFileType = sourcecode.swift; path = State.swift; sourceTree = "<group>"; };
		59DE06A026FBCA900032AC83 /* Search.storyboard */ = {isa = PBXFileReference; lastKnownFileType = file.storyboard; path = Search.storyboard; sourceTree = "<group>"; };
		59DE06A526FBD2670032AC83 /* SearchViewModel.swift */ = {isa = PBXFileReference; lastKnownFileType = sourcecode.swift; path = SearchViewModel.swift; sourceTree = "<group>"; };
		59DE06A926FBD2CA0032AC83 /* SearchPhotosRequest.swift */ = {isa = PBXFileReference; lastKnownFileType = sourcecode.swift; path = SearchPhotosRequest.swift; sourceTree = "<group>"; };
		59DE06AC26FBD39A0032AC83 /* PhotosList.swift */ = {isa = PBXFileReference; lastKnownFileType = sourcecode.swift; path = PhotosList.swift; sourceTree = "<group>"; };
		59DE06B026FBDD6D0032AC83 /* PhotosListViewModel.swift */ = {isa = PBXFileReference; lastKnownFileType = sourcecode.swift; path = PhotosListViewModel.swift; sourceTree = "<group>"; };
		59DE06CC26FC03AC0032AC83 /* PhotoDetail.storyboard */ = {isa = PBXFileReference; lastKnownFileType = file.storyboard; path = PhotoDetail.storyboard; sourceTree = "<group>"; };
		59DE06CF26FC03BD0032AC83 /* PhotoDetailViewController.swift */ = {isa = PBXFileReference; lastKnownFileType = sourcecode.swift; path = PhotoDetailViewController.swift; sourceTree = "<group>"; };
		59DE06D326FC079A0032AC83 /* PhotoDetailViewModel.swift */ = {isa = PBXFileReference; lastKnownFileType = sourcecode.swift; path = PhotoDetailViewModel.swift; sourceTree = "<group>"; };
/* End PBXFileReference section */

/* Begin PBXFrameworksBuildPhase section */
		59112EA826F95B86003B0A41 /* Frameworks */ = {
			isa = PBXFrameworksBuildPhase;
			buildActionMask = 2147483647;
			files = (
			);
			runOnlyForDeploymentPostprocessing = 0;
		};
/* End PBXFrameworksBuildPhase section */

/* Begin PBXGroup section */
		59112EA226F95B86003B0A41 = {
			isa = PBXGroup;
			children = (
				59112EAD26F95B86003B0A41 /* AmbientImages */,
				59112EAC26F95B86003B0A41 /* Products */,
			);
			sourceTree = "<group>";
		};
		59112EAC26F95B86003B0A41 /* Products */ = {
			isa = PBXGroup;
			children = (
				59112EAB26F95B86003B0A41 /* AmbientImages.app */,
			);
			name = Products;
			sourceTree = "<group>";
		};
		59112EAD26F95B86003B0A41 /* AmbientImages */ = {
			isa = PBXGroup;
			children = (
				59CE562826FD634400CDB432 /* Base */,
				59CE561426FD4DB000CDB432 /* Scenes */,
				59112F0B26FADCCD003B0A41 /* UISystem */,
				59112EE126FA2E6A003B0A41 /* Data */,
				59112ECC26F95F3E003B0A41 /* Helpers */,
				59112EC426F95DFE003B0A41 /* Resources */,
				59112EAE26F95B86003B0A41 /* AppDelegate.swift */,
				59112EBA26F95B88003B0A41 /* Info.plist */,
			);
			path = AmbientImages;
			sourceTree = "<group>";
		};
		59112EC126F95DC8003B0A41 /* Photos */ = {
			isa = PBXGroup;
			children = (
				59DE06CB26FC039B0032AC83 /* Detail */,
				59DE06CA26FC03830032AC83 /* Grid */,
			);
			path = Photos;
			sourceTree = "<group>";
		};
		59112EC226F95DD8003B0A41 /* Search */ = {
			isa = PBXGroup;
			children = (
				59112EC926F95EBD003B0A41 /* SearchViewController.swift */,
				59DE06A526FBD2670032AC83 /* SearchViewModel.swift */,
				59DE06A026FBCA900032AC83 /* Search.storyboard */,
			);
			path = Search;
			sourceTree = "<group>";
		};
		59112EC326F95DEA003B0A41 /* Home */ = {
			isa = PBXGroup;
			children = (
				59112EB026F95B86003B0A41 /* HomeViewController.swift */,
				59112F2726FB8837003B0A41 /* HomeViewModel.swift */,
				59112EB226F95B86003B0A41 /* Main.storyboard */,
			);
			path = Home;
			sourceTree = "<group>";
		};
		59112EC426F95DFE003B0A41 /* Resources */ = {
			isa = PBXGroup;
			children = (
				59112EB526F95B88003B0A41 /* Assets.xcassets */,
				59112EB726F95B88003B0A41 /* LaunchScreen.storyboard */,
				59045BB826FEA7B000E9C282 /* Localizable.strings */,
			);
			path = Resources;
			sourceTree = "<group>";
		};
		59112ECC26F95F3E003B0A41 /* Helpers */ = {
			isa = PBXGroup;
			children = (
				59112ED026F95FE8003B0A41 /* UIViewController+Extensions.swift */,
				59112ED326F96031003B0A41 /* String+Extensions.swift */,
				59112ED926F966B2003B0A41 /* UIView+Extensions.swift */,
				59112F0826FAD4C2003B0A41 /* UICollectionView+Extensions.swift */,
				59112F1026FADDA3003B0A41 /* NSDirectionalEdgeInsets+Extensions.swift */,
				59CE561B26FD4F0500CDB432 /* UIImageView+Extensions.swift */,
			);
			path = Helpers;
			sourceTree = "<group>";
		};
		59112EE126FA2E6A003B0A41 /* Data */ = {
			isa = PBXGroup;
			children = (
				59CE561226FD4D0400CDB432 /* Network */,
				59DE06B626FBE3650032AC83 /* Constants */,
				59112EFB26FAAEB1003B0A41 /* Requests */,
				59112EE526FA35C2003B0A41 /* Models */,
			);
			path = Data;
			sourceTree = "<group>";
		};
		59112EE526FA35C2003B0A41 /* Models */ = {
			isa = PBXGroup;
			children = (
				59112EE626FA3606003B0A41 /* Photo.swift */,
				59112EF826FAAE92003B0A41 /* Pagination.swift */,
				59DE06AC26FBD39A0032AC83 /* PhotosList.swift */,
			);
			path = Models;
			sourceTree = "<group>";
		};
		59112EFB26FAAEB1003B0A41 /* Requests */ = {
			isa = PBXGroup;
			children = (
				59112EFC26FAAEBE003B0A41 /* InterestingPhotosRequest.swift */,
				59DE06A926FBD2CA0032AC83 /* SearchPhotosRequest.swift */,
				59112EFF26FAAF25003B0A41 /* ImageRequest.swift */,
				59CE562426FD503D00CDB432 /* FlickrDefaulQueryItems.swift */,
			);
			path = Requests;
			sourceTree = "<group>";
		};
		59112F0B26FADCCD003B0A41 /* UISystem */ = {
			isa = PBXGroup;
			children = (
				59CE560526FD301900CDB432 /* Views */,
				59112F0C26FADCE0003B0A41 /* Spacing.swift */,
				59045BB026FEA31600E9C282 /* StaticTexts.swift */,
			);
			path = UISystem;
			sourceTree = "<group>";
		};
		59112F2526FB82B6003B0A41 /* Views */ = {
			isa = PBXGroup;
			children = (
				59112EF526FA9F85003B0A41 /* ImageLoadingCollectionViewCell.swift */,
				59112ED626F963A2003B0A41 /* ImageCollectionViewCell.swift */,
				59112F0526FACB02003B0A41 /* ImagesListHeaderView.swift */,
			);
			path = Views;
			sourceTree = "<group>";
		};
		59CE560526FD301900CDB432 /* Views */ = {
			isa = PBXGroup;
			children = (
				59CE560626FD302B00CDB432 /* LoadingStateView.swift */,
			);
			path = Views;
			sourceTree = "<group>";
		};
		59CE561226FD4D0400CDB432 /* Network */ = {
			isa = PBXGroup;
			children = (
				59CE561626FD4EA600CDB432 /* Extensions */,
				59112EE226FA2E7E003B0A41 /* NetworkSession.swift */,
				59112EE926FA3993003B0A41 /* Request.swift */,
				59112F0226FABD76003B0A41 /* ImageLoader.swift */,
				59CE561726FD4EBF00CDB432 /* AmbError.swift */,
			);
			path = Network;
			sourceTree = "<group>";
		};
		59CE561426FD4DB000CDB432 /* Scenes */ = {
			isa = PBXGroup;
			children = (
				59112EC326F95DEA003B0A41 /* Home */,
				59112EC226F95DD8003B0A41 /* Search */,
				59112EC126F95DC8003B0A41 /* Photos */,
			);
			path = Scenes;
			sourceTree = "<group>";
		};
		59CE561626FD4EA600CDB432 /* Extensions */ = {
			isa = PBXGroup;
			children = (
				59CE561E26FD4F6400CDB432 /* URLRequest+Extensions.swift */,
				59CE562126FD4F9900CDB432 /* URL+Extensions.swift */,
			);
			path = Extensions;
			sourceTree = "<group>";
		};
		59CE562826FD634400CDB432 /* Base */ = {
			isa = PBXGroup;
			children = (
				59CE562926FD635200CDB432 /* State.swift */,
			);
			path = Base;
			sourceTree = "<group>";
		};
		59DE06B626FBE3650032AC83 /* Constants */ = {
			isa = PBXGroup;
			children = (
				59CE560F26FD4C9600CDB432 /* Enviroment.swift */,
			);
			path = Constants;
			sourceTree = "<group>";
		};
		59DE06CA26FC03830032AC83 /* Grid */ = {
			isa = PBXGroup;
			children = (
				59112F2526FB82B6003B0A41 /* Views */,
				59112EC626F95EA5003B0A41 /* PhotosGridViewController.swift */,
				59DE06B026FBDD6D0032AC83 /* PhotosListViewModel.swift */,
				59112EEC26FA4F60003B0A41 /* RecentPhotosViewModel.swift */,
				59112ECD26F95F58003B0A41 /* PhotosGrid.storyboard */,
			);
			path = Grid;
			sourceTree = "<group>";
		};
		59DE06CB26FC039B0032AC83 /* Detail */ = {
			isa = PBXGroup;
			children = (
				59DE06CF26FC03BD0032AC83 /* PhotoDetailViewController.swift */,
				59DE06D326FC079A0032AC83 /* PhotoDetailViewModel.swift */,
				59DE06CC26FC03AC0032AC83 /* PhotoDetail.storyboard */,
			);
			path = Detail;
			sourceTree = "<group>";
		};
/* End PBXGroup section */

/* Begin PBXNativeTarget section */
		59112EAA26F95B86003B0A41 /* AmbientImages */ = {
			isa = PBXNativeTarget;
			buildConfigurationList = 59112EBD26F95B88003B0A41 /* Build configuration list for PBXNativeTarget "AmbientImages" */;
			buildPhases = (
				59112EA726F95B86003B0A41 /* Sources */,
				59112EA826F95B86003B0A41 /* Frameworks */,
				59112EA926F95B86003B0A41 /* Resources */,
				59CE560926FD479600CDB432 /* Swift Lint */,
			);
			buildRules = (
			);
			dependencies = (
			);
			name = AmbientImages;
			productName = AmbientImages;
			productReference = 59112EAB26F95B86003B0A41 /* AmbientImages.app */;
			productType = "com.apple.product-type.application";
		};
/* End PBXNativeTarget section */

/* Begin PBXProject section */
		59112EA326F95B86003B0A41 /* Project object */ = {
			isa = PBXProject;
			attributes = {
				LastSwiftUpdateCheck = 1230;
				LastUpgradeCheck = 1230;
				TargetAttributes = {
					59112EAA26F95B86003B0A41 = {
						CreatedOnToolsVersion = 12.3;
					};
				};
			};
			buildConfigurationList = 59112EA626F95B86003B0A41 /* Build configuration list for PBXProject "AmbientImages" */;
			compatibilityVersion = "Xcode 9.3";
			developmentRegion = en;
			hasScannedForEncodings = 0;
			knownRegions = (
				en,
				Base,
				"es-419",
			);
			mainGroup = 59112EA226F95B86003B0A41;
			productRefGroup = 59112EAC26F95B86003B0A41 /* Products */;
			projectDirPath = "";
			projectRoot = "";
			targets = (
				59112EAA26F95B86003B0A41 /* AmbientImages */,
			);
		};
/* End PBXProject section */

/* Begin PBXResourcesBuildPhase section */
		59112EA926F95B86003B0A41 /* Resources */ = {
			isa = PBXResourcesBuildPhase;
			buildActionMask = 2147483647;
			files = (
				59112EB926F95B88003B0A41 /* LaunchScreen.storyboard in Resources */,
				59112EB626F95B88003B0A41 /* Assets.xcassets in Resources */,
				59112ECE26F95F58003B0A41 /* PhotosGrid.storyboard in Resources */,
				59045BB626FEA7B000E9C282 /* Localizable.strings in Resources */,
				59DE06A126FBCA900032AC83 /* Search.storyboard in Resources */,
				59DE06CD26FC03AC0032AC83 /* PhotoDetail.storyboard in Resources */,
				59112EB426F95B86003B0A41 /* Main.storyboard in Resources */,
			);
			runOnlyForDeploymentPostprocessing = 0;
		};
/* End PBXResourcesBuildPhase section */

/* Begin PBXShellScriptBuildPhase section */
		59CE560926FD479600CDB432 /* Swift Lint */ = {
			isa = PBXShellScriptBuildPhase;
			buildActionMask = 2147483647;
			files = (
			);
			inputFileListPaths = (
			);
			inputPaths = (
			);
			name = "Swift Lint";
			outputFileListPaths = (
			);
			outputPaths = (
			);
			runOnlyForDeploymentPostprocessing = 0;
			shellPath = /bin/sh;
			shellScript = "if which swiftlint >/dev/null; then\n  swiftlint\nelse\n  echo \"warning: SwiftLint not installed, download from https://github.com/realm/SwiftLint\"\nfi\n";
		};
/* End PBXShellScriptBuildPhase section */

/* Begin PBXSourcesBuildPhase section */
		59112EA726F95B86003B0A41 /* Sources */ = {
			isa = PBXSourcesBuildPhase;
			buildActionMask = 2147483647;
			files = (
				59DE06AD26FBD39A0032AC83 /* PhotosList.swift in Sources */,
				59112F0926FAD4C2003B0A41 /* UICollectionView+Extensions.swift in Sources */,
				59CE561026FD4C9600CDB432 /* Enviroment.swift in Sources */,
				59112F2826FB8837003B0A41 /* HomeViewModel.swift in Sources */,
				59DE06B126FBDD6D0032AC83 /* PhotosListViewModel.swift in Sources */,
				59112EB126F95B86003B0A41 /* HomeViewController.swift in Sources */,
				59112EC726F95EA5003B0A41 /* PhotosGridViewController.swift in Sources */,
				59112EED26FA4F60003B0A41 /* RecentPhotosViewModel.swift in Sources */,
				59112EF926FAAE92003B0A41 /* Pagination.swift in Sources */,
				59112ED126F95FE8003B0A41 /* UIViewController+Extensions.swift in Sources */,
				59112EE326FA2E7E003B0A41 /* NetworkSession.swift in Sources */,
				59112EEA26FA3993003B0A41 /* Request.swift in Sources */,
				59112F0626FACB02003B0A41 /* ImagesListHeaderView.swift in Sources */,
				59112EE726FA3606003B0A41 /* Photo.swift in Sources */,
				59CE561C26FD4F0500CDB432 /* UIImageView+Extensions.swift in Sources */,
				59CE560726FD302B00CDB432 /* LoadingStateView.swift in Sources */,
				59CE561826FD4EBF00CDB432 /* AmbError.swift in Sources */,
				59CE562226FD4F9900CDB432 /* URL+Extensions.swift in Sources */,
				59112ED726F963A2003B0A41 /* ImageCollectionViewCell.swift in Sources */,
				59112F0026FAAF25003B0A41 /* ImageRequest.swift in Sources */,
				59112ECA26F95EBD003B0A41 /* SearchViewController.swift in Sources */,
				59DE06A626FBD2670032AC83 /* SearchViewModel.swift in Sources */,
				59CE561F26FD4F6400CDB432 /* URLRequest+Extensions.swift in Sources */,
				59045BB126FEA31600E9C282 /* StaticTexts.swift in Sources */,
				59CE562A26FD635200CDB432 /* State.swift in Sources */,
				59112F0326FABD76003B0A41 /* ImageLoader.swift in Sources */,
				59DE06D426FC079A0032AC83 /* PhotoDetailViewModel.swift in Sources */,
				59DE06AA26FBD2CA0032AC83 /* SearchPhotosRequest.swift in Sources */,
				59112ED426F96031003B0A41 /* String+Extensions.swift in Sources */,
				59112F1126FADDA3003B0A41 /* NSDirectionalEdgeInsets+Extensions.swift in Sources */,
				59112EDA26F966B2003B0A41 /* UIView+Extensions.swift in Sources */,
				59112EAF26F95B86003B0A41 /* AppDelegate.swift in Sources */,
				59112F0D26FADCE0003B0A41 /* Spacing.swift in Sources */,
				59DE06D026FC03BD0032AC83 /* PhotoDetailViewController.swift in Sources */,
				59CE562526FD503D00CDB432 /* FlickrDefaulQueryItems.swift in Sources */,
				59112EF626FA9F85003B0A41 /* ImageLoadingCollectionViewCell.swift in Sources */,
				59112EFD26FAAEBE003B0A41 /* InterestingPhotosRequest.swift in Sources */,
			);
			runOnlyForDeploymentPostprocessing = 0;
		};
/* End PBXSourcesBuildPhase section */

/* Begin PBXVariantGroup section */
		59045BB826FEA7B000E9C282 /* Localizable.strings */ = {
			isa = PBXVariantGroup;
			children = (
				59045BB726FEA7B000E9C282 /* es-419 */,
				59045BBA26FEA7B500E9C282 /* en */,
			);
			name = Localizable.strings;
			sourceTree = "<group>";
		};
		59112EB226F95B86003B0A41 /* Main.storyboard */ = {
			isa = PBXVariantGroup;
			children = (
				59112EB326F95B86003B0A41 /* Base */,
				59045BB326FEA7A100E9C282 /* es-419 */,
			);
			name = Main.storyboard;
			sourceTree = "<group>";
		};
		59112EB726F95B88003B0A41 /* LaunchScreen.storyboard */ = {
			isa = PBXVariantGroup;
			children = (
				59112EB826F95B88003B0A41 /* Base */,
			);
			name = LaunchScreen.storyboard;
			sourceTree = "<group>";
		};
/* End PBXVariantGroup section */

/* Begin XCBuildConfiguration section */
		59112EBB26F95B88003B0A41 /* Debug */ = {
			isa = XCBuildConfiguration;
			buildSettings = {
				ALWAYS_SEARCH_USER_PATHS = NO;
				CLANG_ANALYZER_LOCALIZABILITY_NONLOCALIZED = YES;
				CLANG_ANALYZER_NONNULL = YES;
				CLANG_ANALYZER_NUMBER_OBJECT_CONVERSION = YES_AGGRESSIVE;
				CLANG_CXX_LANGUAGE_STANDARD = "gnu++14";
				CLANG_CXX_LIBRARY = "libc++";
				CLANG_ENABLE_MODULES = YES;
				CLANG_ENABLE_OBJC_ARC = YES;
				CLANG_ENABLE_OBJC_WEAK = YES;
				CLANG_WARN_BLOCK_CAPTURE_AUTORELEASING = YES;
				CLANG_WARN_BOOL_CONVERSION = YES;
				CLANG_WARN_COMMA = YES;
				CLANG_WARN_CONSTANT_CONVERSION = YES;
				CLANG_WARN_DEPRECATED_OBJC_IMPLEMENTATIONS = YES;
				CLANG_WARN_DIRECT_OBJC_ISA_USAGE = YES_ERROR;
				CLANG_WARN_DOCUMENTATION_COMMENTS = YES;
				CLANG_WARN_EMPTY_BODY = YES;
				CLANG_WARN_ENUM_CONVERSION = YES;
				CLANG_WARN_INFINITE_RECURSION = YES;
				CLANG_WARN_INT_CONVERSION = YES;
				CLANG_WARN_NON_LITERAL_NULL_CONVERSION = YES;
				CLANG_WARN_OBJC_IMPLICIT_RETAIN_SELF = YES;
				CLANG_WARN_OBJC_LITERAL_CONVERSION = YES;
				CLANG_WARN_OBJC_ROOT_CLASS = YES_ERROR;
				CLANG_WARN_QUOTED_INCLUDE_IN_FRAMEWORK_HEADER = YES;
				CLANG_WARN_RANGE_LOOP_ANALYSIS = YES;
				CLANG_WARN_STRICT_PROTOTYPES = YES;
				CLANG_WARN_SUSPICIOUS_MOVE = YES;
				CLANG_WARN_UNGUARDED_AVAILABILITY = YES_AGGRESSIVE;
				CLANG_WARN_UNREACHABLE_CODE = YES;
				CLANG_WARN__DUPLICATE_METHOD_MATCH = YES;
				COPY_PHASE_STRIP = NO;
				DEBUG_INFORMATION_FORMAT = dwarf;
				ENABLE_STRICT_OBJC_MSGSEND = YES;
				ENABLE_TESTABILITY = YES;
				GCC_C_LANGUAGE_STANDARD = gnu11;
				GCC_DYNAMIC_NO_PIC = NO;
				GCC_NO_COMMON_BLOCKS = YES;
				GCC_OPTIMIZATION_LEVEL = 0;
				GCC_PREPROCESSOR_DEFINITIONS = (
					"DEBUG=1",
					"$(inherited)",
				);
				GCC_WARN_64_TO_32_BIT_CONVERSION = YES;
				GCC_WARN_ABOUT_RETURN_TYPE = YES_ERROR;
				GCC_WARN_UNDECLARED_SELECTOR = YES;
				GCC_WARN_UNINITIALIZED_AUTOS = YES_AGGRESSIVE;
				GCC_WARN_UNUSED_FUNCTION = YES;
				GCC_WARN_UNUSED_VARIABLE = YES;
				MTL_ENABLE_DEBUG_INFO = INCLUDE_SOURCE;
				MTL_FAST_MATH = YES;
				ONLY_ACTIVE_ARCH = YES;
				SDKROOT = appletvos;
				SWIFT_ACTIVE_COMPILATION_CONDITIONS = DEBUG;
				SWIFT_OPTIMIZATION_LEVEL = "-Onone";
				TVOS_DEPLOYMENT_TARGET = 14.3;
			};
			name = Debug;
		};
		59112EBC26F95B88003B0A41 /* Release */ = {
			isa = XCBuildConfiguration;
			buildSettings = {
				ALWAYS_SEARCH_USER_PATHS = NO;
				CLANG_ANALYZER_LOCALIZABILITY_NONLOCALIZED = YES;
				CLANG_ANALYZER_NONNULL = YES;
				CLANG_ANALYZER_NUMBER_OBJECT_CONVERSION = YES_AGGRESSIVE;
				CLANG_CXX_LANGUAGE_STANDARD = "gnu++14";
				CLANG_CXX_LIBRARY = "libc++";
				CLANG_ENABLE_MODULES = YES;
				CLANG_ENABLE_OBJC_ARC = YES;
				CLANG_ENABLE_OBJC_WEAK = YES;
				CLANG_WARN_BLOCK_CAPTURE_AUTORELEASING = YES;
				CLANG_WARN_BOOL_CONVERSION = YES;
				CLANG_WARN_COMMA = YES;
				CLANG_WARN_CONSTANT_CONVERSION = YES;
				CLANG_WARN_DEPRECATED_OBJC_IMPLEMENTATIONS = YES;
				CLANG_WARN_DIRECT_OBJC_ISA_USAGE = YES_ERROR;
				CLANG_WARN_DOCUMENTATION_COMMENTS = YES;
				CLANG_WARN_EMPTY_BODY = YES;
				CLANG_WARN_ENUM_CONVERSION = YES;
				CLANG_WARN_INFINITE_RECURSION = YES;
				CLANG_WARN_INT_CONVERSION = YES;
				CLANG_WARN_NON_LITERAL_NULL_CONVERSION = YES;
				CLANG_WARN_OBJC_IMPLICIT_RETAIN_SELF = YES;
				CLANG_WARN_OBJC_LITERAL_CONVERSION = YES;
				CLANG_WARN_OBJC_ROOT_CLASS = YES_ERROR;
				CLANG_WARN_QUOTED_INCLUDE_IN_FRAMEWORK_HEADER = YES;
				CLANG_WARN_RANGE_LOOP_ANALYSIS = YES;
				CLANG_WARN_STRICT_PROTOTYPES = YES;
				CLANG_WARN_SUSPICIOUS_MOVE = YES;
				CLANG_WARN_UNGUARDED_AVAILABILITY = YES_AGGRESSIVE;
				CLANG_WARN_UNREACHABLE_CODE = YES;
				CLANG_WARN__DUPLICATE_METHOD_MATCH = YES;
				COPY_PHASE_STRIP = NO;
				DEBUG_INFORMATION_FORMAT = "dwarf-with-dsym";
				ENABLE_NS_ASSERTIONS = NO;
				ENABLE_STRICT_OBJC_MSGSEND = YES;
				GCC_C_LANGUAGE_STANDARD = gnu11;
				GCC_NO_COMMON_BLOCKS = YES;
				GCC_WARN_64_TO_32_BIT_CONVERSION = YES;
				GCC_WARN_ABOUT_RETURN_TYPE = YES_ERROR;
				GCC_WARN_UNDECLARED_SELECTOR = YES;
				GCC_WARN_UNINITIALIZED_AUTOS = YES_AGGRESSIVE;
				GCC_WARN_UNUSED_FUNCTION = YES;
				GCC_WARN_UNUSED_VARIABLE = YES;
				MTL_ENABLE_DEBUG_INFO = NO;
				MTL_FAST_MATH = YES;
				SDKROOT = appletvos;
				SWIFT_COMPILATION_MODE = wholemodule;
				SWIFT_OPTIMIZATION_LEVEL = "-O";
				TVOS_DEPLOYMENT_TARGET = 14.3;
				VALIDATE_PRODUCT = YES;
			};
			name = Release;
		};
		59112EBE26F95B88003B0A41 /* Debug */ = {
			isa = XCBuildConfiguration;
			buildSettings = {
				ASSETCATALOG_COMPILER_APPICON_NAME = "App Icon & Top Shelf Image";
				ASSETCATALOG_COMPILER_GLOBAL_ACCENT_COLOR_NAME = AccentColor;
				CODE_SIGN_STYLE = Automatic;
				DEVELOPMENT_TEAM = 2SW4KP4922;
				INFOPLIST_FILE = AmbientImages/Info.plist;
				LD_RUNPATH_SEARCH_PATHS = (
					"$(inherited)",
					"@executable_path/Frameworks",
				);
				PRODUCT_BUNDLE_IDENTIFIER = com.christiancieza.AmbientImages;
				PRODUCT_NAME = "$(TARGET_NAME)";
				SWIFT_VERSION = 5.0;
				TARGETED_DEVICE_FAMILY = 3;
			};
			name = Debug;
		};
		59112EBF26F95B88003B0A41 /* Release */ = {
			isa = XCBuildConfiguration;
			buildSettings = {
				ASSETCATALOG_COMPILER_APPICON_NAME = "App Icon & Top Shelf Image";
				ASSETCATALOG_COMPILER_GLOBAL_ACCENT_COLOR_NAME = AccentColor;
				CODE_SIGN_STYLE = Automatic;
				DEVELOPMENT_TEAM = 2SW4KP4922;
				INFOPLIST_FILE = AmbientImages/Info.plist;
				LD_RUNPATH_SEARCH_PATHS = (
					"$(inherited)",
					"@executable_path/Frameworks",
				);
				PRODUCT_BUNDLE_IDENTIFIER = com.christiancieza.AmbientImages;
				PRODUCT_NAME = "$(TARGET_NAME)";
				SWIFT_VERSION = 5.0;
				TARGETED_DEVICE_FAMILY = 3;
			};
			name = Release;
		};
/* End XCBuildConfiguration section */

/* Begin XCConfigurationList section */
		59112EA626F95B86003B0A41 /* Build configuration list for PBXProject "AmbientImages" */ = {
			isa = XCConfigurationList;
			buildConfigurations = (
				59112EBB26F95B88003B0A41 /* Debug */,
				59112EBC26F95B88003B0A41 /* Release */,
			);
			defaultConfigurationIsVisible = 0;
			defaultConfigurationName = Release;
		};
		59112EBD26F95B88003B0A41 /* Build configuration list for PBXNativeTarget "AmbientImages" */ = {
			isa = XCConfigurationList;
			buildConfigurations = (
				59112EBE26F95B88003B0A41 /* Debug */,
				59112EBF26F95B88003B0A41 /* Release */,
			);
			defaultConfigurationIsVisible = 0;
			defaultConfigurationName = Release;
		};
/* End XCConfigurationList section */
	};
	rootObject = 59112EA326F95B86003B0A41 /* Project object */;
}
